<?xml version="1.0" encoding="utf-8"?>
<Project ToolsVersion="4.0" xmlns="http://schemas.microsoft.com/developer/msbuild/2003">
  <ItemGroup>
    <Filter Include="Core">
      <UniqueIdentifier>{5d0aea76-088e-4b4d-adf0-227ec672f1c5}</UniqueIdentifier>
    </Filter>
    <Filter Include="Game">
      <UniqueIdentifier>{d145fc8b-4b8f-414b-87cc-d5a0dda27e3c}</UniqueIdentifier>
    </Filter>
  </ItemGroup>
  <ItemGroup>
    <ClInclude Include="Timer.h">
      <Filter>Core</Filter>
    </ClInclude>
    <ClInclude Include="EventHandler.h">
      <Filter>Core</Filter>
    </ClInclude>
    <ClInclude Include="Game.h">
      <Filter>Core</Filter>
    </ClInclude>
    <ClInclude Include="GameWindow.h">
      <Filter>Core</Filter>
    </ClInclude>
    <ClInclude Include="Image.h">
      <Filter>Core</Filter>
    </ClInclude>
    <ClInclude Include="Settings.h">
      <Filter>Game</Filter>
    </ClInclude>
    <ClInclude Include="src\lib\ces\Scene.h" />
    <ClInclude Include="src\game\Systems.h" />
    <ClInclude Include="src\game\Components.h" />
    <ClInclude Include="src\lib\math\_Matrix.h" />
    <ClInclude Include="src\lib\math\_VectorSrc.h" />
    <ClInclude Include="src\lib\math\Matrix.h" />
    <ClInclude Include="src\lib\math\Vector.h" />
    <ClInclude Include="src\lib\collections\DynamicBuffer.h" />
    <ClInclude Include="src\lib\collections\IStorage.h" />
    <ClInclude Include="src\game\Constructures.h" />
    <ClInclude Include="src\game\scenes\CoreScene.h" />
    <ClInclude Include="src\game\scenes\StartScene.h" />
    <ClInclude Include="src\lib\io\TextFileInput.h" />
    <ClInclude Include="src\lib\io\ConfigFile.h" />
    <ClInclude Include="src\framework\Game.h" />
    <ClInclude Include="src\framework\InputManager.h" />
    <ClInclude Include="Renderer.h" />
  </ItemGroup>
  <ItemGroup>
    <ClCompile Include="EventHandler.cpp">
      <Filter>Core</Filter>
    </ClCompile>
    <ClCompile Include="Game.cpp">
      <Filter>Core</Filter>
    </ClCompile>
    <ClCompile Include="GameWindow.cpp">
      <Filter>Core</Filter>
    </ClCompile>
    <ClCompile Include="Image.cpp">
      <Filter>Core</Filter>
    </ClCompile>
    <ClCompile Include="Timer.cpp">
      <Filter>Core</Filter>
    </ClCompile>
    <ClCompile Include="main.cpp">
      <Filter>Game</Filter>
    </ClCompile>
    <ClCompile Include="src\lib\ces\Scene.cpp" />
    <ClCompile Include="src\game\scenes\CoreScene.cpp" />
    <ClCompile Include="src\game\scenes\StartScene.cpp" />
    <ClCompile Include="src\lib\io\TextFileInput.cpp" />
    <ClCompile Include="src\framework\InputManager.cpp" />
    <ClCompile Include="Renderer.cpp" />
  </ItemGroup>
</Project>